
Microsoft Visual Studio Solution File, Format Version 12.00
# Visual Studio 2013
VisualStudioVersion = 12.0.31101.0
MinimumVisualStudioVersion = 10.0.40219.1
Project("{FAE04EC0-301F-11D3-BF4B-00C04F79EFBC}") = "Inventory Management System", "Inventory Management System\Inventory Management System.csproj", "{2DBF8225-9976-474A-BB2E-BA92C933995D}"
EndProject
Project("{FAE04EC0-301F-11D3-BF4B-00C04F79EFBC}") = "Inventory Management System.Tests", "Inventory Management System.Tests\Inventory Management System.Tests.csproj", "{5CEB4BA1-4706-4332-ACD7-805F55C0A519}"
EndProject
Global
	GlobalSection(SolutionConfigurationPlatforms) = preSolution
		Debug|Any CPU = Debug|Any CPU
		Release|Any CPU = Release|Any CPU
	EndGlobalSection
	GlobalSection(ProjectConfigurationPlatforms) = postSolution
		{2DBF8225-9976-474A-BB2E-BA92C933995D}.Debug|Any CPU.ActiveCfg = Debug|Any CPU
		{2DBF8225-9976-474A-BB2E-BA92C933995D}.Debug|Any CPU.Build.0 = Debug|Any CPU
		{2DBF8225-9976-474A-BB2E-BA92C933995D}.Release|Any CPU.ActiveCfg = Release|Any CPU
		{2DBF8225-9976-474A-BB2E-BA92C933995D}.Release|Any CPU.Build.0 = Release|Any CPU
		{5CEB4BA1-4706-4332-ACD7-805F55C0A519}.Debug|Any CPU.ActiveCfg = Debug|Any CPU
		{5CEB4BA1-4706-4332-ACD7-805F55C0A519}.Debug|Any CPU.Build.0 = Debug|Any CPU
		{5CEB4BA1-4706-4332-ACD7-805F55C0A519}.Release|Any CPU.ActiveCfg = Release|Any CPU
		{5CEB4BA1-4706-4332-ACD7-805F55C0A519}.Release|Any CPU.Build.0 = Release|Any CPU
	EndGlobalSection
	GlobalSection(SolutionProperties) = preSolution
		HideSolutionNode = FALSE
	EndGlobalSection
EndGlobal
